
Microsoft Visual Studio Solution File, Format Version 12.00
# Visual Studio Version 17
VisualStudioVersion = 17.0.31903.59
MinimumVisualStudioVersion = 10.0.40219.1
Project("{2150E333-8FDC-42A3-9474-1A3956D46DE8}") = "src", "src", "{827E0CD3-B72D-47B6-A68D-7590B98EB39B}"
EndProject
Project("{FAE04EC0-301F-11D3-BF4B-00C04F79EFBC}") = "Domain", "src\Domain\Domain.csproj", "{0F55CE7E-F576-4E0F-9185-4FD915560297}"
EndProject
Project("{FAE04EC0-301F-11D3-BF4B-00C04F79EFBC}") = "Application", "src\Application\Application.csproj", "{A3F5026D-8C43-466E-B9F8-5113C0CB8A65}"
EndProject
Project("{FAE04EC0-301F-11D3-BF4B-00C04F79EFBC}") = "Infrastructure", "src\Infrastructure\Infrastructure.csproj", "{A01D6790-284E-4E98-A616-58F4091DBED5}"
EndProject
Project("{FAE04EC0-301F-11D3-BF4B-00C04F79EFBC}") = "Api", "src\Api\Api.csproj", "{E697D206-AD6B-43D0-8AE9-D1C797A9FDAF}"
EndProject
Project("{FAE04EC0-301F-11D3-BF4B-00C04F79EFBC}") = "Domain.UnitTests", "tests\Domain.UnitTests\Domain.UnitTests.csproj", "{49FFA6D2-E4E0-4023-B664-90DBE4BE0691}"
EndProject
Project("{FAE04EC0-301F-11D3-BF4B-00C04F79EFBC}") = "Application.UnitTests", "tests\Application.UnitTests\Application.UnitTests.csproj", "{075FAAE4-7D4D-4B24-AF6C-FEF060AF1CE9}"
EndProject
Project("{FAE04EC0-301F-11D3-BF4B-00C04F79EFBC}") = "Api.IntegrationTests", "tests\Api.IntegrationTests\Api.IntegrationTests.csproj", "{A6DB667D-C2E3-4302-BC34-31805EA84945}"
EndProject
Global
	GlobalSection(SolutionConfigurationPlatforms) = preSolution
		Debug|Any CPU = Debug|Any CPU
		Debug|x64 = Debug|x64
		Debug|x86 = Debug|x86
		Release|Any CPU = Release|Any CPU
		Release|x64 = Release|x64
		Release|x86 = Release|x86
	EndGlobalSection
	GlobalSection(ProjectConfigurationPlatforms) = postSolution
		{0F55CE7E-F576-4E0F-9185-4FD915560297}.Debug|Any CPU.ActiveCfg = Debug|Any CPU
		{0F55CE7E-F576-4E0F-9185-4FD915560297}.Debug|Any CPU.Build.0 = Debug|Any CPU
		{0F55CE7E-F576-4E0F-9185-4FD915560297}.Debug|x64.ActiveCfg = Debug|Any CPU
		{0F55CE7E-F576-4E0F-9185-4FD915560297}.Debug|x64.Build.0 = Debug|Any CPU
		{0F55CE7E-F576-4E0F-9185-4FD915560297}.Debug|x86.ActiveCfg = Debug|Any CPU
		{0F55CE7E-F576-4E0F-9185-4FD915560297}.Debug|x86.Build.0 = Debug|Any CPU
		{0F55CE7E-F576-4E0F-9185-4FD915560297}.Release|Any CPU.ActiveCfg = Release|Any CPU
		{0F55CE7E-F576-4E0F-9185-4FD915560297}.Release|Any CPU.Build.0 = Release|Any CPU
		{0F55CE7E-F576-4E0F-9185-4FD915560297}.Release|x64.ActiveCfg = Release|Any CPU
		{0F55CE7E-F576-4E0F-9185-4FD915560297}.Release|x64.Build.0 = Release|Any CPU
		{0F55CE7E-F576-4E0F-9185-4FD915560297}.Release|x86.ActiveCfg = Release|Any CPU
		{0F55CE7E-F576-4E0F-9185-4FD915560297}.Release|x86.Build.0 = Release|Any CPU
		{A3F5026D-8C43-466E-B9F8-5113C0CB8A65}.Debug|Any CPU.ActiveCfg = Debug|Any CPU
		{A3F5026D-8C43-466E-B9F8-5113C0CB8A65}.Debug|Any CPU.Build.0 = Debug|Any CPU
		{A3F5026D-8C43-466E-B9F8-5113C0CB8A65}.Debug|x64.ActiveCfg = Debug|Any CPU
		{A3F5026D-8C43-466E-B9F8-5113C0CB8A65}.Debug|x64.Build.0 = Debug|Any CPU
		{A3F5026D-8C43-466E-B9F8-5113C0CB8A65}.Debug|x86.ActiveCfg = Debug|Any CPU
		{A3F5026D-8C43-466E-B9F8-5113C0CB8A65}.Debug|x86.Build.0 = Debug|Any CPU
		{A3F5026D-8C43-466E-B9F8-5113C0CB8A65}.Release|Any CPU.ActiveCfg = Release|Any CPU
		{A3F5026D-8C43-466E-B9F8-5113C0CB8A65}.Release|Any CPU.Build.0 = Release|Any CPU
		{A3F5026D-8C43-466E-B9F8-5113C0CB8A65}.Release|x64.ActiveCfg = Release|Any CPU
		{A3F5026D-8C43-466E-B9F8-5113C0CB8A65}.Release|x64.Build.0 = Release|Any CPU
		{A3F5026D-8C43-466E-B9F8-5113C0CB8A65}.Release|x86.ActiveCfg = Release|Any CPU
		{A3F5026D-8C43-466E-B9F8-5113C0CB8A65}.Release|x86.Build.0 = Release|Any CPU
		{A01D6790-284E-4E98-A616-58F4091DBED5}.Debug|Any CPU.ActiveCfg = Debug|Any CPU
		{A01D6790-284E-4E98-A616-58F4091DBED5}.Debug|Any CPU.Build.0 = Debug|Any CPU
		{A01D6790-284E-4E98-A616-58F4091DBED5}.Debug|x64.ActiveCfg = Debug|Any CPU
		{A01D6790-284E-4E98-A616-58F4091DBED5}.Debug|x64.Build.0 = Debug|Any CPU
		{A01D6790-284E-4E98-A616-58F4091DBED5}.Debug|x86.ActiveCfg = Debug|Any CPU
		{A01D6790-284E-4E98-A616-58F4091DBED5}.Debug|x86.Build.0 = Debug|Any CPU
		{A01D6790-284E-4E98-A616-58F4091DBED5}.Release|Any CPU.ActiveCfg = Release|Any CPU
		{A01D6790-284E-4E98-A616-58F4091DBED5}.Release|Any CPU.Build.0 = Release|Any CPU
		{A01D6790-284E-4E98-A616-58F4091DBED5}.Release|x64.ActiveCfg = Release|Any CPU
		{A01D6790-284E-4E98-A616-58F4091DBED5}.Release|x64.Build.0 = Release|Any CPU
		{A01D6790-284E-4E98-A616-58F4091DBED5}.Release|x86.ActiveCfg = Release|Any CPU
		{A01D6790-284E-4E98-A616-58F4091DBED5}.Release|x86.Build.0 = Release|Any CPU
		{E697D206-AD6B-43D0-8AE9-D1C797A9FDAF}.Debug|Any CPU.ActiveCfg = Debug|Any CPU
		{E697D206-AD6B-43D0-8AE9-D1C797A9FDAF}.Debug|Any CPU.Build.0 = Debug|Any CPU
		{E697D206-AD6B-43D0-8AE9-D1C797A9FDAF}.Debug|x64.ActiveCfg = Debug|Any CPU
		{E697D206-AD6B-43D0-8AE9-D1C797A9FDAF}.Debug|x64.Build.0 = Debug|Any CPU
		{E697D206-AD6B-43D0-8AE9-D1C797A9FDAF}.Debug|x86.ActiveCfg = Debug|Any CPU
		{E697D206-AD6B-43D0-8AE9-D1C797A9FDAF}.Debug|x86.Build.0 = Debug|Any CPU
		{E697D206-AD6B-43D0-8AE9-D1C797A9FDAF}.Release|Any CPU.ActiveCfg = Release|Any CPU
		{E697D206-AD6B-43D0-8AE9-D1C797A9FDAF}.Release|Any CPU.Build.0 = Release|Any CPU
		{E697D206-AD6B-43D0-8AE9-D1C797A9FDAF}.Release|x64.ActiveCfg = Release|Any CPU
		{E697D206-AD6B-43D0-8AE9-D1C797A9FDAF}.Release|x64.Build.0 = Release|Any CPU
		{E697D206-AD6B-43D0-8AE9-D1C797A9FDAF}.Release|x86.ActiveCfg = Release|Any CPU
		{E697D206-AD6B-43D0-8AE9-D1C797A9FDAF}.Release|x86.Build.0 = Release|Any CPU
		{49FFA6D2-E4E0-4023-B664-90DBE4BE0691}.Debug|Any CPU.ActiveCfg = Debug|Any CPU
		{49FFA6D2-E4E0-4023-B664-90DBE4BE0691}.Debug|Any CPU.Build.0 = Debug|Any CPU
		{49FFA6D2-E4E0-4023-B664-90DBE4BE0691}.Debug|x64.ActiveCfg = Debug|Any CPU
		{49FFA6D2-E4E0-4023-B664-90DBE4BE0691}.Debug|x64.Build.0 = Debug|Any CPU
		{49FFA6D2-E4E0-4023-B664-90DBE4BE0691}.Debug|x86.ActiveCfg = Debug|Any CPU
		{49FFA6D2-E4E0-4023-B664-90DBE4BE0691}.Debug|x86.Build.0 = Debug|Any CPU
		{49FFA6D2-E4E0-4023-B664-90DBE4BE0691}.Release|Any CPU.ActiveCfg = Release|Any CPU
		{49FFA6D2-E4E0-4023-B664-90DBE4BE0691}.Release|Any CPU.Build.0 = Release|Any CPU
		{49FFA6D2-E4E0-4023-B664-90DBE4BE0691}.Release|x64.ActiveCfg = Release|Any CPU
		{49FFA6D2-E4E0-4023-B664-90DBE4BE0691}.Release|x64.Build.0 = Release|Any CPU
		{49FFA6D2-E4E0-4023-B664-90DBE4BE0691}.Release|x86.ActiveCfg = Release|Any CPU
		{49FFA6D2-E4E0-4023-B664-90DBE4BE0691}.Release|x86.Build.0 = Release|Any CPU
		{075FAAE4-7D4D-4B24-AF6C-FEF060AF1CE9}.Debug|Any CPU.ActiveCfg = Debug|Any CPU
		{075FAAE4-7D4D-4B24-AF6C-FEF060AF1CE9}.Debug|Any CPU.Build.0 = Debug|Any CPU
		{075FAAE4-7D4D-4B24-AF6C-FEF060AF1CE9}.Debug|x64.ActiveCfg = Debug|Any CPU
		{075FAAE4-7D4D-4B24-AF6C-FEF060AF1CE9}.Debug|x64.Build.0 = Debug|Any CPU
		{075FAAE4-7D4D-4B24-AF6C-FEF060AF1CE9}.Debug|x86.ActiveCfg = Debug|Any CPU
		{075FAAE4-7D4D-4B24-AF6C-FEF060AF1CE9}.Debug|x86.Build.0 = Debug|Any CPU
		{075FAAE4-7D4D-4B24-AF6C-FEF060AF1CE9}.Release|Any CPU.ActiveCfg = Release|Any CPU
		{075FAAE4-7D4D-4B24-AF6C-FEF060AF1CE9}.Release|Any CPU.Build.0 = Release|Any CPU
		{075FAAE4-7D4D-4B24-AF6C-FEF060AF1CE9}.Release|x64.ActiveCfg = Release|Any CPU
		{075FAAE4-7D4D-4B24-AF6C-FEF060AF1CE9}.Release|x64.Build.0 = Release|Any CPU
		{075FAAE4-7D4D-4B24-AF6C-FEF060AF1CE9}.Release|x86.ActiveCfg = Release|Any CPU
		{075FAAE4-7D4D-4B24-AF6C-FEF060AF1CE9}.Release|x86.Build.0 = Release|Any CPU
		{A6DB667D-C2E3-4302-BC34-31805EA84945}.Debug|Any CPU.ActiveCfg = Debug|Any CPU
		{A6DB667D-C2E3-4302-BC34-31805EA84945}.Debug|Any CPU.Build.0 = Debug|Any CPU
		{A6DB667D-C2E3-4302-BC34-31805EA84945}.Debug|x64.ActiveCfg = Debug|Any CPU
		{A6DB667D-C2E3-4302-BC34-31805EA84945}.Debug|x64.Build.0 = Debug|Any CPU
		{A6DB667D-C2E3-4302-BC34-31805EA84945}.Debug|x86.ActiveCfg = Debug|Any CPU
		{A6DB667D-C2E3-4302-BC34-31805EA84945}.Debug|x86.Build.0 = Debug|Any CPU
		{A6DB667D-C2E3-4302-BC34-31805EA84945}.Release|Any CPU.ActiveCfg = Release|Any CPU
		{A6DB667D-C2E3-4302-BC34-31805EA84945}.Release|Any CPU.Build.0 = Release|Any CPU
		{A6DB667D-C2E3-4302-BC34-31805EA84945}.Release|x64.ActiveCfg = Release|Any CPU
		{A6DB667D-C2E3-4302-BC34-31805EA84945}.Release|x64.Build.0 = Release|Any CPU
		{A6DB667D-C2E3-4302-BC34-31805EA84945}.Release|x86.ActiveCfg = Release|Any CPU
		{A6DB667D-C2E3-4302-BC34-31805EA84945}.Release|x86.Build.0 = Release|Any CPU
	EndGlobalSection
	GlobalSection(SolutionProperties) = preSolution
		HideSolutionNode = FALSE
	EndGlobalSection
	GlobalSection(NestedProjects) = preSolution
		{0F55CE7E-F576-4E0F-9185-4FD915560297} = {827E0CD3-B72D-47B6-A68D-7590B98EB39B}
		{A3F5026D-8C43-466E-B9F8-5113C0CB8A65} = {827E0CD3-B72D-47B6-A68D-7590B98EB39B}
		{A01D6790-284E-4E98-A616-58F4091DBED5} = {827E0CD3-B72D-47B6-A68D-7590B98EB39B}
		{E697D206-AD6B-43D0-8AE9-D1C797A9FDAF} = {827E0CD3-B72D-47B6-A68D-7590B98EB39B}
		{49FFA6D2-E4E0-4023-B664-90DBE4BE0691} = {827E0CD3-B72D-47B6-A68D-7590B98EB39B}
		{075FAAE4-7D4D-4B24-AF6C-FEF060AF1CE9} = {827E0CD3-B72D-47B6-A68D-7590B98EB39B}
		{A6DB667D-C2E3-4302-BC34-31805EA84945} = {827E0CD3-B72D-47B6-A68D-7590B98EB39B}
	EndGlobalSection
EndGlobal
